
Microsoft Visual Studio Solution File, Format Version 12.00
# Visual Studio Version 17
VisualStudioVersion = 17.5.33627.172
MinimumVisualStudioVersion = 10.0.40219.1
Project("{FAE04EC0-301F-11D3-BF4B-00C04F79EFBC}") = "csSignalR", "csSignalR.csproj", "{013788A8-3647-40E4-877F-8F91ABC41736}"
EndProject
Global
	GlobalSection(SolutionConfigurationPlatforms) = preSolution
		Debug|Any CPU = Debug|Any CPU
		Release|Any CPU = Release|Any CPU
	EndGlobalSection
	GlobalSection(ProjectConfigurationPlatforms) = postSolution
		{013788A8-3647-40E4-877F-8F91ABC41736}.Debug|Any CPU.ActiveCfg = Debug|Any CPU
		{013788A8-3647-40E4-877F-8F91ABC41736}.Debug|Any CPU.Build.0 = Debug|Any CPU
		{013788A8-3647-40E4-877F-8F91ABC41736}.Release|Any CPU.ActiveCfg = Release|Any CPU
		{013788A8-3647-40E4-877F-8F91ABC41736}.Release|Any CPU.Build.0 = Release|Any CPU
	EndGlobalSection
	GlobalSection(SolutionProperties) = preSolution
		HideSolutionNode = FALSE
	EndGlobalSection
	GlobalSection(ExtensibilityGlobals) = postSolution
		SolutionGuid = {726CE364-ABE4-4753-87D5-28BE305BF9DD}
	EndGlobalSection
EndGlobal
