
Microsoft Visual Studio Solution File, Format Version 12.00
# Visual Studio Version 17
VisualStudioVersion = 17.5.33530.505
MinimumVisualStudioVersion = 10.0.40219.1
Project("{9A19103F-16F7-4668-BE54-9A1E7A4F7556}") = "csRedis", "csRedis.csproj", "{EBB7AB9F-3371-493E-B629-B2925BECA006}"
EndProject
Global
	GlobalSection(SolutionConfigurationPlatforms) = preSolution
		Debug|Any CPU = Debug|Any CPU
		Release|Any CPU = Release|Any CPU
	EndGlobalSection
	GlobalSection(ProjectConfigurationPlatforms) = postSolution
		{EBB7AB9F-3371-493E-B629-B2925BECA006}.Debug|Any CPU.ActiveCfg = Debug|Any CPU
		{EBB7AB9F-3371-493E-B629-B2925BECA006}.Debug|Any CPU.Build.0 = Debug|Any CPU
		{EBB7AB9F-3371-493E-B629-B2925BECA006}.Release|Any CPU.ActiveCfg = Release|Any CPU
		{EBB7AB9F-3371-493E-B629-B2925BECA006}.Release|Any CPU.Build.0 = Release|Any CPU
	EndGlobalSection
	GlobalSection(SolutionProperties) = preSolution
		HideSolutionNode = FALSE
	EndGlobalSection
	GlobalSection(ExtensibilityGlobals) = postSolution
		SolutionGuid = {A6AE986E-AB4F-48F4-B3F1-A287E141910A}
	EndGlobalSection
EndGlobal
