
Microsoft Visual Studio Solution File, Format Version 12.00
# Visual Studio Version 17
VisualStudioVersion = 17.5.33627.172
MinimumVisualStudioVersion = 10.0.40219.1
Project("{FAE04EC0-301F-11D3-BF4B-00C04F79EFBC}") = "Timer", "Timer.csproj", "{BC7FF58F-EEF4-4B6C-9E90-FDB87ADE79F4}"
EndProject
Global
	GlobalSection(SolutionConfigurationPlatforms) = preSolution
		Debug|Any CPU = Debug|Any CPU
		Release|Any CPU = Release|Any CPU
	EndGlobalSection
	GlobalSection(ProjectConfigurationPlatforms) = postSolution
		{BC7FF58F-EEF4-4B6C-9E90-FDB87ADE79F4}.Debug|Any CPU.ActiveCfg = Debug|Any CPU
		{BC7FF58F-EEF4-4B6C-9E90-FDB87ADE79F4}.Debug|Any CPU.Build.0 = Debug|Any CPU
		{BC7FF58F-EEF4-4B6C-9E90-FDB87ADE79F4}.Release|Any CPU.ActiveCfg = Release|Any CPU
		{BC7FF58F-EEF4-4B6C-9E90-FDB87ADE79F4}.Release|Any CPU.Build.0 = Release|Any CPU
	EndGlobalSection
	GlobalSection(SolutionProperties) = preSolution
		HideSolutionNode = FALSE
	EndGlobalSection
	GlobalSection(ExtensibilityGlobals) = postSolution
		SolutionGuid = {E3E94C7A-0755-491C-A859-D768823CCF7C}
	EndGlobalSection
EndGlobal
